
Microsoft Visual Studio Solution File, Format Version 12.00
# Visual Studio 2013
VisualStudioVersion = 12.0.31206.0
MinimumVisualStudioVersion = 10.0.40219.1
Project("{FAE04EC0-301F-11D3-BF4B-00C04F79EFBC}") = "FaceDetection", "FaceDetection.csproj", "{B2C15B1D-BF04-4CBC-AF22-0ECF38591B09}"
EndProject
Project("{FAE04EC0-301F-11D3-BF4B-00C04F79EFBC}") = "BibNumberDetectionUI", "..\BibNumberDetectionUI\BibNumberDetectionUI.csproj", "{7F311D65-5297-4CD3-AA1D-C2441FB724A9}"
EndProject
Project("{FAE04EC0-301F-11D3-BF4B-00C04F79EFBC}") = "EdgeDetection", "..\EdgeDetection\EdgeDetection.csproj", "{0F66F2DF-5104-46B0-A63B-D1A5284D2BD7}"
EndProject
Global
	GlobalSection(SolutionConfigurationPlatforms) = preSolution
		Debug|Any CPU = Debug|Any CPU
		Debug|Mixed Platforms = Debug|Mixed Platforms
		Debug|x86 = Debug|x86
		Release|Any CPU = Release|Any CPU
		Release|Mixed Platforms = Release|Mixed Platforms
		Release|x86 = Release|x86
	EndGlobalSection
	GlobalSection(ProjectConfigurationPlatforms) = postSolution
		{B2C15B1D-BF04-4CBC-AF22-0ECF38591B09}.Debug|Any CPU.ActiveCfg = Debug|Any CPU
		{B2C15B1D-BF04-4CBC-AF22-0ECF38591B09}.Debug|Any CPU.Build.0 = Debug|Any CPU
		{B2C15B1D-BF04-4CBC-AF22-0ECF38591B09}.Debug|Mixed Platforms.ActiveCfg = Debug|x86
		{B2C15B1D-BF04-4CBC-AF22-0ECF38591B09}.Debug|Mixed Platforms.Build.0 = Debug|x86
		{B2C15B1D-BF04-4CBC-AF22-0ECF38591B09}.Debug|x86.ActiveCfg = Debug|x86
		{B2C15B1D-BF04-4CBC-AF22-0ECF38591B09}.Debug|x86.Build.0 = Debug|x86
		{B2C15B1D-BF04-4CBC-AF22-0ECF38591B09}.Release|Any CPU.ActiveCfg = Release|Any CPU
		{B2C15B1D-BF04-4CBC-AF22-0ECF38591B09}.Release|Any CPU.Build.0 = Release|Any CPU
		{B2C15B1D-BF04-4CBC-AF22-0ECF38591B09}.Release|Mixed Platforms.ActiveCfg = Release|x86
		{B2C15B1D-BF04-4CBC-AF22-0ECF38591B09}.Release|Mixed Platforms.Build.0 = Release|x86
		{B2C15B1D-BF04-4CBC-AF22-0ECF38591B09}.Release|x86.ActiveCfg = Release|x86
		{B2C15B1D-BF04-4CBC-AF22-0ECF38591B09}.Release|x86.Build.0 = Release|x86
		{7F311D65-5297-4CD3-AA1D-C2441FB724A9}.Debug|Any CPU.ActiveCfg = Debug|Any CPU
		{7F311D65-5297-4CD3-AA1D-C2441FB724A9}.Debug|Any CPU.Build.0 = Debug|Any CPU
		{7F311D65-5297-4CD3-AA1D-C2441FB724A9}.Debug|Mixed Platforms.ActiveCfg = Debug|x86
		{7F311D65-5297-4CD3-AA1D-C2441FB724A9}.Debug|Mixed Platforms.Build.0 = Debug|x86
		{7F311D65-5297-4CD3-AA1D-C2441FB724A9}.Debug|x86.ActiveCfg = Debug|x86
		{7F311D65-5297-4CD3-AA1D-C2441FB724A9}.Debug|x86.Build.0 = Debug|x86
		{7F311D65-5297-4CD3-AA1D-C2441FB724A9}.Release|Any CPU.ActiveCfg = Release|Any CPU
		{7F311D65-5297-4CD3-AA1D-C2441FB724A9}.Release|Any CPU.Build.0 = Release|Any CPU
		{7F311D65-5297-4CD3-AA1D-C2441FB724A9}.Release|Mixed Platforms.ActiveCfg = Release|x86
		{7F311D65-5297-4CD3-AA1D-C2441FB724A9}.Release|Mixed Platforms.Build.0 = Release|x86
		{7F311D65-5297-4CD3-AA1D-C2441FB724A9}.Release|x86.ActiveCfg = Release|x86
		{7F311D65-5297-4CD3-AA1D-C2441FB724A9}.Release|x86.Build.0 = Release|x86
		{0F66F2DF-5104-46B0-A63B-D1A5284D2BD7}.Debug|Any CPU.ActiveCfg = Debug|Any CPU
		{0F66F2DF-5104-46B0-A63B-D1A5284D2BD7}.Debug|Any CPU.Build.0 = Debug|Any CPU
		{0F66F2DF-5104-46B0-A63B-D1A5284D2BD7}.Debug|Mixed Platforms.ActiveCfg = Debug|Any CPU
		{0F66F2DF-5104-46B0-A63B-D1A5284D2BD7}.Debug|Mixed Platforms.Build.0 = Debug|Any CPU
		{0F66F2DF-5104-46B0-A63B-D1A5284D2BD7}.Debug|x86.ActiveCfg = Debug|Any CPU
		{0F66F2DF-5104-46B0-A63B-D1A5284D2BD7}.Release|Any CPU.ActiveCfg = Release|Any CPU
		{0F66F2DF-5104-46B0-A63B-D1A5284D2BD7}.Release|Any CPU.Build.0 = Release|Any CPU
		{0F66F2DF-5104-46B0-A63B-D1A5284D2BD7}.Release|Mixed Platforms.ActiveCfg = Release|Any CPU
		{0F66F2DF-5104-46B0-A63B-D1A5284D2BD7}.Release|Mixed Platforms.Build.0 = Release|Any CPU
		{0F66F2DF-5104-46B0-A63B-D1A5284D2BD7}.Release|x86.ActiveCfg = Release|Any CPU
	EndGlobalSection
	GlobalSection(SolutionProperties) = preSolution
		HideSolutionNode = FALSE
	EndGlobalSection
EndGlobal
